
Microsoft Visual Studio Solution File, Format Version 12.00
# Visual Studio Version 16
VisualStudioVersion = 16.0.30002.166
MinimumVisualStudioVersion = 10.0.40219.1
Project("{FAE04EC0-301F-11D3-BF4B-00C04F79EFBC}") = "MageKnight2D", "MageKnight2D\MageKnight2D.csproj", "{B9060CAF-BE27-45F4-8B4C-78A204108AFB}"
EndProject
Project("{FAE04EC0-301F-11D3-BF4B-00C04F79EFBC}") = "MKView", "MKView\MKView.csproj", "{7DCD0001-AA78-44E4-96F2-901B5DA869EF}"
EndProject
Project("{FAE04EC0-301F-11D3-BF4B-00C04F79EFBC}") = "MKViewModel", "MKViewModel\MKViewModel.csproj", "{101F3574-3A27-47CB-A816-38563A765644}"
EndProject
Project("{FAE04EC0-301F-11D3-BF4B-00C04F79EFBC}") = "MKModel", "MKModel\MKModel.csproj", "{FA8FA3F3-E09F-4CA7-A12B-8CF5E3D1A2A1}"
EndProject
Project("{FAE04EC0-301F-11D3-BF4B-00C04F79EFBC}") = "DataManipulater", "DataManipulater\DataManipulater.csproj", "{C091C13C-DFB0-443F-A302-C6468142E4D2}"
EndProject
Global
	GlobalSection(SolutionConfigurationPlatforms) = preSolution
		Debug|Any CPU = Debug|Any CPU
		Release|Any CPU = Release|Any CPU
	EndGlobalSection
	GlobalSection(ProjectConfigurationPlatforms) = postSolution
		{B9060CAF-BE27-45F4-8B4C-78A204108AFB}.Debug|Any CPU.ActiveCfg = Debug|Any CPU
		{B9060CAF-BE27-45F4-8B4C-78A204108AFB}.Debug|Any CPU.Build.0 = Debug|Any CPU
		{B9060CAF-BE27-45F4-8B4C-78A204108AFB}.Release|Any CPU.ActiveCfg = Release|Any CPU
		{B9060CAF-BE27-45F4-8B4C-78A204108AFB}.Release|Any CPU.Build.0 = Release|Any CPU
		{7DCD0001-AA78-44E4-96F2-901B5DA869EF}.Debug|Any CPU.ActiveCfg = Debug|Any CPU
		{7DCD0001-AA78-44E4-96F2-901B5DA869EF}.Debug|Any CPU.Build.0 = Debug|Any CPU
		{7DCD0001-AA78-44E4-96F2-901B5DA869EF}.Release|Any CPU.ActiveCfg = Release|Any CPU
		{7DCD0001-AA78-44E4-96F2-901B5DA869EF}.Release|Any CPU.Build.0 = Release|Any CPU
		{101F3574-3A27-47CB-A816-38563A765644}.Debug|Any CPU.ActiveCfg = Debug|Any CPU
		{101F3574-3A27-47CB-A816-38563A765644}.Debug|Any CPU.Build.0 = Debug|Any CPU
		{101F3574-3A27-47CB-A816-38563A765644}.Release|Any CPU.ActiveCfg = Release|Any CPU
		{101F3574-3A27-47CB-A816-38563A765644}.Release|Any CPU.Build.0 = Release|Any CPU
		{FA8FA3F3-E09F-4CA7-A12B-8CF5E3D1A2A1}.Debug|Any CPU.ActiveCfg = Debug|Any CPU
		{FA8FA3F3-E09F-4CA7-A12B-8CF5E3D1A2A1}.Debug|Any CPU.Build.0 = Debug|Any CPU
		{FA8FA3F3-E09F-4CA7-A12B-8CF5E3D1A2A1}.Release|Any CPU.ActiveCfg = Release|Any CPU
		{FA8FA3F3-E09F-4CA7-A12B-8CF5E3D1A2A1}.Release|Any CPU.Build.0 = Release|Any CPU
		{C091C13C-DFB0-443F-A302-C6468142E4D2}.Debug|Any CPU.ActiveCfg = Debug|Any CPU
		{C091C13C-DFB0-443F-A302-C6468142E4D2}.Debug|Any CPU.Build.0 = Debug|Any CPU
		{C091C13C-DFB0-443F-A302-C6468142E4D2}.Release|Any CPU.ActiveCfg = Release|Any CPU
		{C091C13C-DFB0-443F-A302-C6468142E4D2}.Release|Any CPU.Build.0 = Release|Any CPU
	EndGlobalSection
	GlobalSection(SolutionProperties) = preSolution
		HideSolutionNode = FALSE
	EndGlobalSection
	GlobalSection(ExtensibilityGlobals) = postSolution
		SolutionGuid = {7437CDB8-CE1F-4B24-93D1-004E21E19CCB}
	EndGlobalSection
EndGlobal
