
Microsoft Visual Studio Solution File, Format Version 12.00
# Visual Studio Version 16
VisualStudioVersion = 16.0.30011.22
MinimumVisualStudioVersion = 10.0.40219.1
Project("{FAE04EC0-301F-11D3-BF4B-00C04F79EFBC}") = "Reuse.ServerHost", "Reuse.ServerHost.csproj", "{C918E64D-4A17-427C-9DA6-13E230E14A77}"
EndProject
Global
	GlobalSection(SolutionConfigurationPlatforms) = preSolution
		Debug|Any CPU = Debug|Any CPU
		Release|Any CPU = Release|Any CPU
	EndGlobalSection
	GlobalSection(ProjectConfigurationPlatforms) = postSolution
		{C918E64D-4A17-427C-9DA6-13E230E14A77}.Debug|Any CPU.ActiveCfg = Debug|Any CPU
		{C918E64D-4A17-427C-9DA6-13E230E14A77}.Debug|Any CPU.Build.0 = Debug|Any CPU
		{C918E64D-4A17-427C-9DA6-13E230E14A77}.Release|Any CPU.ActiveCfg = Release|Any CPU
		{C918E64D-4A17-427C-9DA6-13E230E14A77}.Release|Any CPU.Build.0 = Release|Any CPU
	EndGlobalSection
	GlobalSection(SolutionProperties) = preSolution
		HideSolutionNode = FALSE
	EndGlobalSection
	GlobalSection(ExtensibilityGlobals) = postSolution
		SolutionGuid = {8370949E-980A-4E0D-9D3F-27FFEEB0FC3E}
	EndGlobalSection
EndGlobal
